
Microsoft Visual Studio Solution File, Format Version 12.00
# Visual Studio Version 16
VisualStudioVersion = 16.0.31624.102
MinimumVisualStudioVersion = 10.0.40219.1
Project("{FAE04EC0-301F-11D3-BF4B-00C04F79EFBC}") = "Test_try", "Test_try.csproj", "{F683A340-03B0-409F-8F09-4C39743BED25}"
EndProject
Project("{FAE04EC0-301F-11D3-BF4B-00C04F79EFBC}") = "Calculations", "..\Calculations\Calculations.csproj", "{68FCB927-D0D8-4F2D-AA1D-1D0F9E9A2859}"
EndProject
Global
	GlobalSection(SolutionConfigurationPlatforms) = preSolution
		Debug|Any CPU = Debug|Any CPU
		Release|Any CPU = Release|Any CPU
	EndGlobalSection
	GlobalSection(ProjectConfigurationPlatforms) = postSolution
		{F683A340-03B0-409F-8F09-4C39743BED25}.Debug|Any CPU.ActiveCfg = Debug|Any CPU
		{F683A340-03B0-409F-8F09-4C39743BED25}.Debug|Any CPU.Build.0 = Debug|Any CPU
		{F683A340-03B0-409F-8F09-4C39743BED25}.Release|Any CPU.ActiveCfg = Release|Any CPU
		{F683A340-03B0-409F-8F09-4C39743BED25}.Release|Any CPU.Build.0 = Release|Any CPU
		{68FCB927-D0D8-4F2D-AA1D-1D0F9E9A2859}.Debug|Any CPU.ActiveCfg = Debug|Any CPU
		{68FCB927-D0D8-4F2D-AA1D-1D0F9E9A2859}.Debug|Any CPU.Build.0 = Debug|Any CPU
		{68FCB927-D0D8-4F2D-AA1D-1D0F9E9A2859}.Release|Any CPU.ActiveCfg = Release|Any CPU
		{68FCB927-D0D8-4F2D-AA1D-1D0F9E9A2859}.Release|Any CPU.Build.0 = Release|Any CPU
	EndGlobalSection
	GlobalSection(SolutionProperties) = preSolution
		HideSolutionNode = FALSE
	EndGlobalSection
	GlobalSection(ExtensibilityGlobals) = postSolution
		SolutionGuid = {246AFDDE-3E1E-414F-B4D1-AD84D16357E9}
	EndGlobalSection
EndGlobal
